
Microsoft Visual Studio Solution File, Format Version 12.00
# Visual Studio Version 17
VisualStudioVersion = 17.4.33110.190
MinimumVisualStudioVersion = 10.0.40219.1
Project("{FAE04EC0-301F-11D3-BF4B-00C04F79EFBC}") = "AdventOfCode2022", "AdventOfCode2022\AdventOfCode2022.csproj", "{74393C52-1A30-4B8B-B8E1-86F574FE9629}"
EndProject
Global
	GlobalSection(SolutionConfigurationPlatforms) = preSolution
		Debug|Any CPU = Debug|Any CPU
		Release|Any CPU = Release|Any CPU
	EndGlobalSection
	GlobalSection(ProjectConfigurationPlatforms) = postSolution
		{74393C52-1A30-4B8B-B8E1-86F574FE9629}.Debug|Any CPU.ActiveCfg = Debug|Any CPU
		{74393C52-1A30-4B8B-B8E1-86F574FE9629}.Debug|Any CPU.Build.0 = Debug|Any CPU
		{74393C52-1A30-4B8B-B8E1-86F574FE9629}.Release|Any CPU.ActiveCfg = Release|Any CPU
		{74393C52-1A30-4B8B-B8E1-86F574FE9629}.Release|Any CPU.Build.0 = Release|Any CPU
	EndGlobalSection
	GlobalSection(SolutionProperties) = preSolution
		HideSolutionNode = FALSE
	EndGlobalSection
	GlobalSection(ExtensibilityGlobals) = postSolution
		SolutionGuid = {AFB69517-687B-4DA4-A702-D2F76BBE84F8}
	EndGlobalSection
EndGlobal
