
Microsoft Visual Studio Solution File, Format Version 12.00
# Visual Studio Version 16
VisualStudioVersion = 16.0.30717.126
MinimumVisualStudioVersion = 10.0.40219.1
Project("{9A19103F-16F7-4668-BE54-9A1E7A4F7556}") = "AdventOfCode2020.Solver", "AdventOfCode2020.Solver\AdventOfCode2020.Solver.csproj", "{E62DFAD1-DAF9-4FBB-96C2-B654755D19A6}"
EndProject
Project("{FAE04EC0-301F-11D3-BF4B-00C04F79EFBC}") = "AdventOfCode2020.Tests", "AdventOfCode2020.Tests\AdventOfCode2020.Tests.csproj", "{4510E8CC-8EFC-417E-B448-3E35D55E0006}"
EndProject
Global
	GlobalSection(SolutionConfigurationPlatforms) = preSolution
		Debug|Any CPU = Debug|Any CPU
		Release|Any CPU = Release|Any CPU
	EndGlobalSection
	GlobalSection(ProjectConfigurationPlatforms) = postSolution
		{E62DFAD1-DAF9-4FBB-96C2-B654755D19A6}.Debug|Any CPU.ActiveCfg = Debug|Any CPU
		{E62DFAD1-DAF9-4FBB-96C2-B654755D19A6}.Debug|Any CPU.Build.0 = Debug|Any CPU
		{E62DFAD1-DAF9-4FBB-96C2-B654755D19A6}.Release|Any CPU.ActiveCfg = Release|Any CPU
		{E62DFAD1-DAF9-4FBB-96C2-B654755D19A6}.Release|Any CPU.Build.0 = Release|Any CPU
		{4510E8CC-8EFC-417E-B448-3E35D55E0006}.Debug|Any CPU.ActiveCfg = Debug|Any CPU
		{4510E8CC-8EFC-417E-B448-3E35D55E0006}.Debug|Any CPU.Build.0 = Debug|Any CPU
		{4510E8CC-8EFC-417E-B448-3E35D55E0006}.Release|Any CPU.ActiveCfg = Release|Any CPU
		{4510E8CC-8EFC-417E-B448-3E35D55E0006}.Release|Any CPU.Build.0 = Release|Any CPU
	EndGlobalSection
	GlobalSection(SolutionProperties) = preSolution
		HideSolutionNode = FALSE
	EndGlobalSection
	GlobalSection(ExtensibilityGlobals) = postSolution
		SolutionGuid = {58917F64-FD66-47E5-A06D-DED5A8FC6B1C}
	EndGlobalSection
EndGlobal
