
Microsoft Visual Studio Solution File, Format Version 12.00
# Visual Studio Version 17
VisualStudioVersion = 17.7.34202.233
MinimumVisualStudioVersion = 10.0.40219.1
Project("{FAE04EC0-301F-11D3-BF4B-00C04F79EFBC}") = "AdventOfCode2023", "AdventOfCode2023\AdventOfCode2023.csproj", "{67A393B9-ACDC-45FD-8AC2-3F8AE95C3B8C}"
EndProject
Global
	GlobalSection(SolutionConfigurationPlatforms) = preSolution
		Debug|Any CPU = Debug|Any CPU
		Release|Any CPU = Release|Any CPU
	EndGlobalSection
	GlobalSection(ProjectConfigurationPlatforms) = postSolution
		{67A393B9-ACDC-45FD-8AC2-3F8AE95C3B8C}.Debug|Any CPU.ActiveCfg = Debug|Any CPU
		{67A393B9-ACDC-45FD-8AC2-3F8AE95C3B8C}.Debug|Any CPU.Build.0 = Debug|Any CPU
		{67A393B9-ACDC-45FD-8AC2-3F8AE95C3B8C}.Release|Any CPU.ActiveCfg = Release|Any CPU
		{67A393B9-ACDC-45FD-8AC2-3F8AE95C3B8C}.Release|Any CPU.Build.0 = Release|Any CPU
	EndGlobalSection
	GlobalSection(SolutionProperties) = preSolution
		HideSolutionNode = FALSE
	EndGlobalSection
	GlobalSection(ExtensibilityGlobals) = postSolution
		SolutionGuid = {3E0F4B0B-A3B8-47EA-90C5-6AE40102CA38}
	EndGlobalSection
EndGlobal
